PODS:
  - k2k (1.0-SNAPSHOT)
  - KMMViewModelCore (1.0.0-ALPHA-6):
    - KMMViewModelCoreObjC (= 1.0.0-ALPHA-6)
  - KMMViewModelCoreObjC (1.0.0-ALPHA-6)
  - KMMViewModelSwiftUI (1.0.0-ALPHA-6):
    - KMMViewModelCore (= 1.0.0-ALPHA-6)
  - presenter (1.0-SNAPSHOT)
  - SwiftCoroutine (2.1.11)

DEPENDENCIES:
  - k2k (from `../k2k`)
  - KMMViewModelSwiftUI (= 1.0.0-ALPHA-6)
  - presenter (from `../presenter`)
  - SwiftCoroutine (~> 2.1)

SPEC REPOS:
  trunk:
    - KMMViewModelCore
    - KMMViewModelCoreObjC
    - KMMViewModelSwiftUI
    - SwiftCoroutine

EXTERNAL SOURCES:
  k2k:
    :path: "../k2k"
  presenter:
    :path: "../presenter"

SPEC CHECKSUMS:
  k2k: c6bf99fe82ed5c064fdac1878a0bd4c17dbfc613
  KMMViewModelCore: 1b5555d59dec518a9c74965683c0a916150dc0dc
  KMMViewModelCoreObjC: b890db456c14afb392e0cb2cd0da65644757e631
  KMMViewModelSwiftUI: 841aa25ba39022d7c924a1dafec4c552750da0db
  presenter: 2dcfc7a73519f4174fc67ab32300ef84a2c35c8b
  SwiftCoroutine: b584780401083a0c41323ef1af07c2effe369dce

PODFILE CHECKSUM: 8c974f92989a1545ef21bbc65d0d3e7534e3bb22

COCOAPODS: 1.16.2
